// !$*UTF8*$!
{
	archiveVersion = 1;
	classes = {
	};
	objectVersion = 77;
	objects = {

/* Begin PBXBuildFile section */
		C514D3252D501BB70013F334 /* FirebaseFirestore in Frameworks */ = {isa = PBXBuildFile; productRef = C514D3242D501BB70013F334 /* FirebaseFirestore */; };
		C52CA6402D419562008679DF /* FirebaseAnalyticsWithoutAdIdSupport in Frameworks */ = {isa = PBXBuildFile; productRef = C52CA63F2D419562008679DF /* FirebaseAnalyticsWithoutAdIdSupport */; };
		C52CA6432D41A012008679DF /* FirebaseAuth in Frameworks */ = {isa = PBXBuildFile; productRef = C52CA6422D41A012008679DF /* FirebaseAuth */; };
		C5F3FDBF2D77A05C006F0298 /* GoogleSignIn in Frameworks */ = {isa = PBXBuildFile; productRef = C5F3FDBE2D77A05C006F0298 /* GoogleSignIn */; };
		C5F3FDC12D77A05C006F0298 /* GoogleSignInSwift in Frameworks */ = {isa = PBXBuildFile; productRef = C5F3FDC02D77A05C006F0298 /* GoogleSignInSwift */; };
/* End PBXBuildFile section */

/* Begin PBXContainerItemProxy section */
		C5685AC72CF8F2D40075537F /* PBXContainerItemProxy */ = {
			isa = PBXContainerItemProxy;
			containerPortal = C5685AAE2CF8F2D30075537F /* Project object */;
			proxyType = 1;
			remoteGlobalIDString = C5685AB52CF8F2D30075537F;
			remoteInfo = bolistik;
		};
		C5685AD12CF8F2D40075537F /* PBXContainerItemProxy */ = {
			isa = PBXContainerItemProxy;
			containerPortal = C5685AAE2CF8F2D30075537F /* Project object */;
			proxyType = 1;
			remoteGlobalIDString = C5685AB52CF8F2D30075537F;
			remoteInfo = bolistik;
		};
/* End PBXContainerItemProxy section */

/* Begin PBXFileReference section */
		C5685AB62CF8F2D30075537F /* Bolistik.app */ = {isa = PBXFileReference; explicitFileType = wrapper.application; includeInIndex = 0; path = Bolistik.app; sourceTree = BUILT_PRODUCTS_DIR; };
		C5685AC62CF8F2D40075537F /* BolistikTests.xctest */ = {isa = PBXFileReference; explicitFileType = wrapper.cfbundle; includeInIndex = 0; path = BolistikTests.xctest; sourceTree = BUILT_PRODUCTS_DIR; };
		C5685AD02CF8F2D40075537F /* BolistikUITests.xctest */ = {isa = PBXFileReference; explicitFileType = wrapper.cfbundle; includeInIndex = 0; path = BolistikUITests.xctest; sourceTree = BUILT_PRODUCTS_DIR; };
/* End PBXFileReference section */

/* Begin PBXFileSystemSynchronizedBuildFileExceptionSet section */
		C57F05C12D7A59180039CD19 /* Exceptions for "Bolistik" folder in "Bolistik" target */ = {
			isa = PBXFileSystemSynchronizedBuildFileExceptionSet;
			membershipExceptions = (
				Info.plist,
			);
			target = C5685AB52CF8F2D30075537F /* Bolistik */;
		};
/* End PBXFileSystemSynchronizedBuildFileExceptionSet section */

/* Begin PBXFileSystemSynchronizedRootGroup section */
		C5685AB82CF8F2D30075537F /* Bolistik */ = {
			isa = PBXFileSystemSynchronizedRootGroup;
			exceptions = (
				C57F05C12D7A59180039CD19 /* Exceptions for "Bolistik" folder in "Bolistik" target */,
			);
			path = Bolistik;
			sourceTree = "<group>";
		};
		C5685AC92CF8F2D40075537F /* BolistikTests */ = {
			isa = PBXFileSystemSynchronizedRootGroup;
			path = BolistikTests;
			sourceTree = "<group>";
		};
		C5685AD32CF8F2D40075537F /* BolistikUITests */ = {
			isa = PBXFileSystemSynchronizedRootGroup;
			path = BolistikUITests;
			sourceTree = "<group>";
		};
/* End PBXFileSystemSynchronizedRootGroup section */

/* Begin PBXFrameworksBuildPhase section */
		C5685AB32CF8F2D30075537F /* Frameworks */ = {
			isa = PBXFrameworksBuildPhase;
			buildActionMask = 2147483647;
			files = (
				C5F3FDC12D77A05C006F0298 /* GoogleSignInSwift in Frameworks */,
				C52CA6402D419562008679DF /* FirebaseAnalyticsWithoutAdIdSupport in Frameworks */,
				C5F3FDBF2D77A05C006F0298 /* GoogleSignIn in Frameworks */,
				C52CA6432D41A012008679DF /* FirebaseAuth in Frameworks */,
				C514D3252D501BB70013F334 /* FirebaseFirestore in Frameworks */,
			);
			runOnlyForDeploymentPostprocessing = 0;
		};
		C5685AC32CF8F2D40075537F /* Frameworks */ = {
			isa = PBXFrameworksBuildPhase;
			buildActionMask = 2147483647;
			files = (
			);
			runOnlyForDeploymentPostprocessing = 0;
		};
		C5685ACD2CF8F2D40075537F /* Frameworks */ = {
			isa = PBXFrameworksBuildPhase;
			buildActionMask = 2147483647;
			files = (
			);
			runOnlyForDeploymentPostprocessing = 0;
		};
/* End PBXFrameworksBuildPhase section */

/* Begin PBXGroup section */
		C5685AAD2CF8F2D30075537F = {
			isa = PBXGroup;
			children = (
				C5685AB82CF8F2D30075537F /* Bolistik */,
				C5685AC92CF8F2D40075537F /* BolistikTests */,
				C5685AD32CF8F2D40075537F /* BolistikUITests */,
				C5685AB72CF8F2D30075537F /* Products */,
			);
			sourceTree = "<group>";
		};
		C5685AB72CF8F2D30075537F /* Products */ = {
			isa = PBXGroup;
			children = (
				C5685AB62CF8F2D30075537F /* Bolistik.app */,
				C5685AC62CF8F2D40075537F /* BolistikTests.xctest */,
				C5685AD02CF8F2D40075537F /* BolistikUITests.xctest */,
			);
			name = Products;
			sourceTree = "<group>";
		};
/* End PBXGroup section */

/* Begin PBXNativeTarget section */
		C5685AB52CF8F2D30075537F /* Bolistik */ = {
			isa = PBXNativeTarget;
			buildConfigurationList = C5685ADA2CF8F2D40075537F /* Build configuration list for PBXNativeTarget "Bolistik" */;
			buildPhases = (
				C5685AB22CF8F2D30075537F /* Sources */,
				C5685AB32CF8F2D30075537F /* Frameworks */,
				C5685AB42CF8F2D30075537F /* Resources */,
			);
			buildRules = (
			);
			dependencies = (
			);
			fileSystemSynchronizedGroups = (
				C5685AB82CF8F2D30075537F /* Bolistik */,
			);
			name = Bolistik;
			packageProductDependencies = (
				C52CA63F2D419562008679DF /* FirebaseAnalyticsWithoutAdIdSupport */,
				C52CA6422D41A012008679DF /* FirebaseAuth */,
				C514D3242D501BB70013F334 /* FirebaseFirestore */,
				C5F3FDBE2D77A05C006F0298 /* GoogleSignIn */,
				C5F3FDC02D77A05C006F0298 /* GoogleSignInSwift */,
			);
			productName = bolistik;
			productReference = C5685AB62CF8F2D30075537F /* Bolistik.app */;
			productType = "com.apple.product-type.application";
		};
		C5685AC52CF8F2D40075537F /* BolistikTests */ = {
			isa = PBXNativeTarget;
			buildConfigurationList = C5685ADD2CF8F2D40075537F /* Build configuration list for PBXNativeTarget "BolistikTests" */;
			buildPhases = (
				C5685AC22CF8F2D40075537F /* Sources */,
				C5685AC32CF8F2D40075537F /* Frameworks */,
				C5685AC42CF8F2D40075537F /* Resources */,
			);
			buildRules = (
			);
			dependencies = (
				C5685AC82CF8F2D40075537F /* PBXTargetDependency */,
			);
			fileSystemSynchronizedGroups = (
				C5685AC92CF8F2D40075537F /* BolistikTests */,
			);
			name = BolistikTests;
			packageProductDependencies = (
			);
			productName = bolistikTests;
			productReference = C5685AC62CF8F2D40075537F /* BolistikTests.xctest */;
			productType = "com.apple.product-type.bundle.unit-test";
		};
		C5685ACF2CF8F2D40075537F /* BolistikUITests */ = {
			isa = PBXNativeTarget;
			buildConfigurationList = C5685AE02CF8F2D40075537F /* Build configuration list for PBXNativeTarget "BolistikUITests" */;
			buildPhases = (
				C5685ACC2CF8F2D40075537F /* Sources */,
				C5685ACD2CF8F2D40075537F /* Frameworks */,
				C5685ACE2CF8F2D40075537F /* Resources */,
			);
			buildRules = (
			);
			dependencies = (
				C5685AD22CF8F2D40075537F /* PBXTargetDependency */,
			);
			fileSystemSynchronizedGroups = (
				C5685AD32CF8F2D40075537F /* BolistikUITests */,
			);
			name = BolistikUITests;
			packageProductDependencies = (
			);
			productName = bolistikUITests;
			productReference = C5685AD02CF8F2D40075537F /* BolistikUITests.xctest */;
			productType = "com.apple.product-type.bundle.ui-testing";
		};
/* End PBXNativeTarget section */

/* Begin PBXProject section */
		C5685AAE2CF8F2D30075537F /* Project object */ = {
			isa = PBXProject;
			attributes = {
				BuildIndependentTargetsInParallel = 1;
				CLASSPREFIX = "";
				LastSwiftUpdateCheck = 1610;
				LastUpgradeCheck = 1610;
				TargetAttributes = {
					C5685AB52CF8F2D30075537F = {
						CreatedOnToolsVersion = 16.1;
					};
					C5685AC52CF8F2D40075537F = {
						CreatedOnToolsVersion = 16.1;
						TestTargetID = C5685AB52CF8F2D30075537F;
					};
					C5685ACF2CF8F2D40075537F = {
						CreatedOnToolsVersion = 16.1;
						TestTargetID = C5685AB52CF8F2D30075537F;
					};
				};
			};
			buildConfigurationList = C5685AB12CF8F2D30075537F /* Build configuration list for PBXProject "Bolistik" */;
			developmentRegion = en;
			hasScannedForEncodings = 0;
			knownRegions = (
				en,
				Base,
				ru,
				kk,
				de,
			);
			mainGroup = C5685AAD2CF8F2D30075537F;
			minimizedProjectReferenceProxies = 1;
			packageReferences = (
				C52CA63E2D419562008679DF /* XCRemoteSwiftPackageReference "firebase-ios-sdk" */,
				C5F3FDBD2D77A05C006F0298 /* XCRemoteSwiftPackageReference "GoogleSignIn-iOS" */,
			);
			preferredProjectObjectVersion = 77;
			productRefGroup = C5685AB72CF8F2D30075537F /* Products */;
			projectDirPath = "";
			projectRoot = "";
			targets = (
				C5685AB52CF8F2D30075537F /* Bolistik */,
				C5685AC52CF8F2D40075537F /* BolistikTests */,
				C5685ACF2CF8F2D40075537F /* BolistikUITests */,
			);
		};
/* End PBXProject section */

/* Begin PBXResourcesBuildPhase section */
		C5685AB42CF8F2D30075537F /* Resources */ = {
			isa = PBXResourcesBuildPhase;
			buildActionMask = 2147483647;
			files = (
			);
			runOnlyForDeploymentPostprocessing = 0;
		};
		C5685AC42CF8F2D40075537F /* Resources */ = {
			isa = PBXResourcesBuildPhase;
			buildActionMask = 2147483647;
			files = (
			);
			runOnlyForDeploymentPostprocessing = 0;
		};
		C5685ACE2CF8F2D40075537F /* Resources */ = {
			isa = PBXResourcesBuildPhase;
			buildActionMask = 2147483647;
			files = (
			);
			runOnlyForDeploymentPostprocessing = 0;
		};
/* End PBXResourcesBuildPhase section */

/* Begin PBXSourcesBuildPhase section */
		C5685AB22CF8F2D30075537F /* Sources */ = {
			isa = PBXSourcesBuildPhase;
			buildActionMask = 2147483647;
			files = (
			);
			runOnlyForDeploymentPostprocessing = 0;
		};
		C5685AC22CF8F2D40075537F /* Sources */ = {
			isa = PBXSourcesBuildPhase;
			buildActionMask = 2147483647;
			files = (
			);
			runOnlyForDeploymentPostprocessing = 0;
		};
		C5685ACC2CF8F2D40075537F /* Sources */ = {
			isa = PBXSourcesBuildPhase;
			buildActionMask = 2147483647;
			files = (
			);
			runOnlyForDeploymentPostprocessing = 0;
		};
/* End PBXSourcesBuildPhase section */

/* Begin PBXTargetDependency section */
		C5685AC82CF8F2D40075537F /* PBXTargetDependency */ = {
			isa = PBXTargetDependency;
			target = C5685AB52CF8F2D30075537F /* Bolistik */;
			targetProxy = C5685AC72CF8F2D40075537F /* PBXContainerItemProxy */;
		};
		C5685AD22CF8F2D40075537F /* PBXTargetDependency */ = {
			isa = PBXTargetDependency;
			target = C5685AB52CF8F2D30075537F /* Bolistik */;
			targetProxy = C5685AD12CF8F2D40075537F /* PBXContainerItemProxy */;
		};
/* End PBXTargetDependency section */

/* Begin XCBuildConfiguration section */
		C5685AD82CF8F2D40075537F /* Debug */ = {
			isa = XCBuildConfiguration;
			buildSettings = {
				ALWAYS_SEARCH_USER_PATHS = NO;
				ASSETCATALOG_COMPILER_GENERATE_SWIFT_ASSET_SYMBOL_EXTENSIONS = YES;
				CLANG_ANALYZER_NONNULL = YES;
				CLANG_ANALYZER_NUMBER_OBJECT_CONVERSION = YES_AGGRESSIVE;
				CLANG_CXX_LANGUAGE_STANDARD = "gnu++20";
				CLANG_ENABLE_MODULES = YES;
				CLANG_ENABLE_OBJC_ARC = YES;
				CLANG_ENABLE_OBJC_WEAK = YES;
				CLANG_WARN_BLOCK_CAPTURE_AUTORELEASING = YES;
				CLANG_WARN_BOOL_CONVERSION = YES;
				CLANG_WARN_COMMA = YES;
				CLANG_WARN_CONSTANT_CONVERSION = YES;
				CLANG_WARN_DEPRECATED_OBJC_IMPLEMENTATIONS = YES;
				CLANG_WARN_DIRECT_OBJC_ISA_USAGE = YES_ERROR;
				CLANG_WARN_DOCUMENTATION_COMMENTS = YES;
				CLANG_WARN_EMPTY_BODY = YES;
				CLANG_WARN_ENUM_CONVERSION = YES;
				CLANG_WARN_INFINITE_RECURSION = YES;
				CLANG_WARN_INT_CONVERSION = YES;
				CLANG_WARN_NON_LITERAL_NULL_CONVERSION = YES;
				CLANG_WARN_OBJC_IMPLICIT_RETAIN_SELF = YES;
				CLANG_WARN_OBJC_LITERAL_CONVERSION = YES;
				CLANG_WARN_OBJC_ROOT_CLASS = YES_ERROR;
				CLANG_WARN_QUOTED_INCLUDE_IN_FRAMEWORK_HEADER = YES;
				CLANG_WARN_RANGE_LOOP_ANALYSIS = YES;
				CLANG_WARN_STRICT_PROTOTYPES = YES;
				CLANG_WARN_SUSPICIOUS_MOVE = YES;
				CLANG_WARN_UNGUARDED_AVAILABILITY = YES_AGGRESSIVE;
				CLANG_WARN_UNREACHABLE_CODE = YES;
				CLANG_WARN__DUPLICATE_METHOD_MATCH = YES;
				COPY_PHASE_STRIP = NO;
				DEBUG_INFORMATION_FORMAT = dwarf;
				ENABLE_STRICT_OBJC_MSGSEND = YES;
				ENABLE_TESTABILITY = YES;
				ENABLE_USER_SCRIPT_SANDBOXING = YES;
				GCC_C_LANGUAGE_STANDARD = gnu17;
				GCC_DYNAMIC_NO_PIC = NO;
				GCC_NO_COMMON_BLOCKS = YES;
				GCC_OPTIMIZATION_LEVEL = 0;
				GCC_PREPROCESSOR_DEFINITIONS = (
					"DEBUG=1",
					"$(inherited)",
				);
				GCC_WARN_64_TO_32_BIT_CONVERSION = YES;
				GCC_WARN_ABOUT_RETURN_TYPE = YES_ERROR;
				GCC_WARN_UNDECLARED_SELECTOR = YES;
				GCC_WARN_UNINITIALIZED_AUTOS = YES_AGGRESSIVE;
				GCC_WARN_UNUSED_FUNCTION = YES;
				GCC_WARN_UNUSED_VARIABLE = YES;
				IPHONEOS_DEPLOYMENT_TARGET = 18.0;
				LOCALIZATION_PREFERS_STRING_CATALOGS = YES;
				MTL_ENABLE_DEBUG_INFO = INCLUDE_SOURCE;
				MTL_FAST_MATH = YES;
				ONLY_ACTIVE_ARCH = YES;
				SDKROOT = iphoneos;
				SWIFT_ACTIVE_COMPILATION_CONDITIONS = "DEBUG $(inherited)";
				SWIFT_EMIT_LOC_STRINGS = YES;
				SWIFT_OPTIMIZATION_LEVEL = "-Onone";
			};
			name = Debug;
		};
		C5685AD92CF8F2D40075537F /* Release */ = {
			isa = XCBuildConfiguration;
			buildSettings = {
				ALWAYS_SEARCH_USER_PATHS = NO;
				ASSETCATALOG_COMPILER_GENERATE_SWIFT_ASSET_SYMBOL_EXTENSIONS = YES;
				CLANG_ANALYZER_NONNULL = YES;
				CLANG_ANALYZER_NUMBER_OBJECT_CONVERSION = YES_AGGRESSIVE;
				CLANG_CXX_LANGUAGE_STANDARD = "gnu++20";
				CLANG_ENABLE_MODULES = YES;
				CLANG_ENABLE_OBJC_ARC = YES;
				CLANG_ENABLE_OBJC_WEAK = YES;
				CLANG_WARN_BLOCK_CAPTURE_AUTORELEASING = YES;
				CLANG_WARN_BOOL_CONVERSION = YES;
				CLANG_WARN_COMMA = YES;
				CLANG_WARN_CONSTANT_CONVERSION = YES;
				CLANG_WARN_DEPRECATED_OBJC_IMPLEMENTATIONS = YES;
				CLANG_WARN_DIRECT_OBJC_ISA_USAGE = YES_ERROR;
				CLANG_WARN_DOCUMENTATION_COMMENTS = YES;
				CLANG_WARN_EMPTY_BODY = YES;
				CLANG_WARN_ENUM_CONVERSION = YES;
				CLANG_WARN_INFINITE_RECURSION = YES;
				CLANG_WARN_INT_CONVERSION = YES;
				CLANG_WARN_NON_LITERAL_NULL_CONVERSION = YES;
				CLANG_WARN_OBJC_IMPLICIT_RETAIN_SELF = YES;
				CLANG_WARN_OBJC_LITERAL_CONVERSION = YES;
				CLANG_WARN_OBJC_ROOT_CLASS = YES_ERROR;
				CLANG_WARN_QUOTED_INCLUDE_IN_FRAMEWORK_HEADER = YES;
				CLANG_WARN_RANGE_LOOP_ANALYSIS = YES;
				CLANG_WARN_STRICT_PROTOTYPES = YES;
				CLANG_WARN_SUSPICIOUS_MOVE = YES;
				CLANG_WARN_UNGUARDED_AVAILABILITY = YES_AGGRESSIVE;
				CLANG_WARN_UNREACHABLE_CODE = YES;
				CLANG_WARN__DUPLICATE_METHOD_MATCH = YES;
				COPY_PHASE_STRIP = NO;
				DEBUG_INFORMATION_FORMAT = "dwarf-with-dsym";
				ENABLE_NS_ASSERTIONS = NO;
				ENABLE_STRICT_OBJC_MSGSEND = YES;
				ENABLE_USER_SCRIPT_SANDBOXING = YES;
				GCC_C_LANGUAGE_STANDARD = gnu17;
				GCC_NO_COMMON_BLOCKS = YES;
				GCC_WARN_64_TO_32_BIT_CONVERSION = YES;
				GCC_WARN_ABOUT_RETURN_TYPE = YES_ERROR;
				GCC_WARN_UNDECLARED_SELECTOR = YES;
				GCC_WARN_UNINITIALIZED_AUTOS = YES_AGGRESSIVE;
				GCC_WARN_UNUSED_FUNCTION = YES;
				GCC_WARN_UNUSED_VARIABLE = YES;
				IPHONEOS_DEPLOYMENT_TARGET = 18.0;
				LOCALIZATION_PREFERS_STRING_CATALOGS = YES;
				MTL_ENABLE_DEBUG_INFO = NO;
				MTL_FAST_MATH = YES;
				SDKROOT = iphoneos;
				SWIFT_COMPILATION_MODE = wholemodule;
				SWIFT_EMIT_LOC_STRINGS = YES;
				VALIDATE_PRODUCT = YES;
			};
			name = Release;
		};
		C5685ADB2CF8F2D40075537F /* Debug */ = {
			isa = XCBuildConfiguration;
			buildSettings = {
				ASSETCATALOG_COMPILER_APPICON_NAME = AppIcon;
				ASSETCATALOG_COMPILER_GLOBAL_ACCENT_COLOR_NAME = AccentColor;
				CODE_SIGN_ENTITLEMENTS = Bolistik/Bolistik.entitlements;
				CODE_SIGN_IDENTITY = "Apple Development";
				CODE_SIGN_STYLE = Automatic;
				CURRENT_PROJECT_VERSION = 1;
				DEVELOPMENT_ASSET_PATHS = "\"bolistik/Preview Content\"";
				DEVELOPMENT_TEAM = GRMZ48Y4F9;
				ENABLE_PREVIEWS = YES;
				GENERATE_INFOPLIST_FILE = YES;
				INFOPLIST_FILE = Bolistik/Info.plist;
				INFOPLIST_KEY_CFBundleDisplayName = Bolistik;
				INFOPLIST_KEY_LSApplicationCategoryType = "public.app-category.finance";
				INFOPLIST_KEY_UIApplicationSceneManifest_Generation = YES;
				INFOPLIST_KEY_UIApplicationSupportsIndirectInputEvents = YES;
				INFOPLIST_KEY_UILaunchScreen_Generation = YES;
				INFOPLIST_KEY_UISupportedInterfaceOrientations_iPad = "UIInterfaceOrientationPortrait UIInterfaceOrientationPortraitUpsideDown UIInterfaceOrientationLandscapeLeft UIInterfaceOrientationLandscapeRight";
				INFOPLIST_KEY_UISupportedInterfaceOrientations_iPhone = "UIInterfaceOrientationPortrait UIInterfaceOrientationLandscapeLeft UIInterfaceOrientationLandscapeRight";
				IPHONEOS_DEPLOYMENT_TARGET = 18.0;
				LD_RUNPATH_SEARCH_PATHS = (
					"$(inherited)",
					"@executable_path/Frameworks",
				);
				MARKETING_VERSION = 1.0;
				PRODUCT_BUNDLE_IDENTIFIER = kz.fromastwithlove.bolistik;
				PRODUCT_NAME = "$(TARGET_NAME)";
				PROVISIONING_PROFILE_SPECIFIER = "";
				SWIFT_EMIT_LOC_STRINGS = YES;
				SWIFT_VERSION = 6.0;
				TARGETED_DEVICE_FAMILY = "1,2";
			};
			name = Debug;
		};
		C5685ADC2CF8F2D40075537F /* Release */ = {
			isa = XCBuildConfiguration;
			buildSettings = {
				ASSETCATALOG_COMPILER_APPICON_NAME = AppIcon;
				ASSETCATALOG_COMPILER_GLOBAL_ACCENT_COLOR_NAME = AccentColor;
				CODE_SIGN_ENTITLEMENTS = Bolistik/Bolistik.entitlements;
				CODE_SIGN_IDENTITY = "Apple Development";
				CODE_SIGN_STYLE = Automatic;
				CURRENT_PROJECT_VERSION = 1;
				DEVELOPMENT_ASSET_PATHS = "\"bolistik/Preview Content\"";
				DEVELOPMENT_TEAM = GRMZ48Y4F9;
				ENABLE_PREVIEWS = YES;
				GENERATE_INFOPLIST_FILE = YES;
				INFOPLIST_FILE = Bolistik/Info.plist;
				INFOPLIST_KEY_CFBundleDisplayName = Bolistik;
				INFOPLIST_KEY_LSApplicationCategoryType = "public.app-category.finance";
				INFOPLIST_KEY_UIApplicationSceneManifest_Generation = YES;
				INFOPLIST_KEY_UIApplicationSupportsIndirectInputEvents = YES;
				INFOPLIST_KEY_UILaunchScreen_Generation = YES;
				INFOPLIST_KEY_UISupportedInterfaceOrientations_iPad = "UIInterfaceOrientationPortrait UIInterfaceOrientationPortraitUpsideDown UIInterfaceOrientationLandscapeLeft UIInterfaceOrientationLandscapeRight";
				INFOPLIST_KEY_UISupportedInterfaceOrientations_iPhone = "UIInterfaceOrientationPortrait UIInterfaceOrientationLandscapeLeft UIInterfaceOrientationLandscapeRight";
				IPHONEOS_DEPLOYMENT_TARGET = 18.0;
				LD_RUNPATH_SEARCH_PATHS = (
					"$(inherited)",
					"@executable_path/Frameworks",
				);
				MARKETING_VERSION = 1.0;
				PRODUCT_BUNDLE_IDENTIFIER = kz.fromastwithlove.bolistik;
				PRODUCT_NAME = "$(TARGET_NAME)";
				PROVISIONING_PROFILE_SPECIFIER = "";
				SWIFT_EMIT_LOC_STRINGS = YES;
				SWIFT_VERSION = 6.0;
				TARGETED_DEVICE_FAMILY = "1,2";
			};
			name = Release;
		};
		C5685ADE2CF8F2D40075537F /* Debug */ = {
			isa = XCBuildConfiguration;
			buildSettings = {
				BUNDLE_LOADER = "$(TEST_HOST)";
				CODE_SIGN_STYLE = Automatic;
				CURRENT_PROJECT_VERSION = 1;
				DEVELOPMENT_TEAM = GRMZ48Y4F9;
				GENERATE_INFOPLIST_FILE = YES;
				MARKETING_VERSION = 1.0;
				PRODUCT_BUNDLE_IDENTIFIER = kz.fromastwithlove.bolistikTests;
				PRODUCT_NAME = "$(TARGET_NAME)";
				SWIFT_EMIT_LOC_STRINGS = NO;
				SWIFT_VERSION = 5.0;
				TARGETED_DEVICE_FAMILY = "1,2";
				TEST_HOST = "$(BUILT_PRODUCTS_DIR)/Bolistik.app/$(BUNDLE_EXECUTABLE_FOLDER_PATH)/Bolistik";
			};
			name = Debug;
		};
		C5685ADF2CF8F2D40075537F /* Release */ = {
			isa = XCBuildConfiguration;
			buildSettings = {
				BUNDLE_LOADER = "$(TEST_HOST)";
				CODE_SIGN_STYLE = Automatic;
				CURRENT_PROJECT_VERSION = 1;
				DEVELOPMENT_TEAM = GRMZ48Y4F9;
				GENERATE_INFOPLIST_FILE = YES;
				MARKETING_VERSION = 1.0;
				PRODUCT_BUNDLE_IDENTIFIER = kz.fromastwithlove.bolistikTests;
				PRODUCT_NAME = "$(TARGET_NAME)";
				SWIFT_EMIT_LOC_STRINGS = NO;
				SWIFT_VERSION = 5.0;
				TARGETED_DEVICE_FAMILY = "1,2";
				TEST_HOST = "$(BUILT_PRODUCTS_DIR)/Bolistik.app/$(BUNDLE_EXECUTABLE_FOLDER_PATH)/Bolistik";
			};
			name = Release;
		};
		C5685AE12CF8F2D40075537F /* Debug */ = {
			isa = XCBuildConfiguration;
			buildSettings = {
				CODE_SIGN_STYLE = Automatic;
				CURRENT_PROJECT_VERSION = 1;
				DEVELOPMENT_TEAM = GRMZ48Y4F9;
				GENERATE_INFOPLIST_FILE = YES;
				MARKETING_VERSION = 1.0;
				PRODUCT_BUNDLE_IDENTIFIER = kz.fromastwithlove.bolistikUITests;
				PRODUCT_NAME = "$(TARGET_NAME)";
				SWIFT_EMIT_LOC_STRINGS = NO;
				SWIFT_VERSION = 5.0;
				TARGETED_DEVICE_FAMILY = "1,2";
				TEST_TARGET_NAME = bolistik;
			};
			name = Debug;
		};
		C5685AE22CF8F2D40075537F /* Release */ = {
			isa = XCBuildConfiguration;
			buildSettings = {
				CODE_SIGN_STYLE = Automatic;
				CURRENT_PROJECT_VERSION = 1;
				DEVELOPMENT_TEAM = GRMZ48Y4F9;
				GENERATE_INFOPLIST_FILE = YES;
				MARKETING_VERSION = 1.0;
				PRODUCT_BUNDLE_IDENTIFIER = kz.fromastwithlove.bolistikUITests;
				PRODUCT_NAME = "$(TARGET_NAME)";
				SWIFT_EMIT_LOC_STRINGS = NO;
				SWIFT_VERSION = 5.0;
				TARGETED_DEVICE_FAMILY = "1,2";
				TEST_TARGET_NAME = bolistik;
			};
			name = Release;
		};
/* End XCBuildConfiguration section */

/* Begin XCConfigurationList section */
		C5685AB12CF8F2D30075537F /* Build configuration list for PBXProject "Bolistik" */ = {
			isa = XCConfigurationList;
			buildConfigurations = (
				C5685AD82CF8F2D40075537F /* Debug */,
				C5685AD92CF8F2D40075537F /* Release */,
			);
			defaultConfigurationIsVisible = 0;
			defaultConfigurationName = Release;
		};
		C5685ADA2CF8F2D40075537F /* Build configuration list for PBXNativeTarget "Bolistik" */ = {
			isa = XCConfigurationList;
			buildConfigurations = (
				C5685ADB2CF8F2D40075537F /* Debug */,
				C5685ADC2CF8F2D40075537F /* Release */,
			);
			defaultConfigurationIsVisible = 0;
			defaultConfigurationName = Release;
		};
		C5685ADD2CF8F2D40075537F /* Build configuration list for PBXNativeTarget "BolistikTests" */ = {
			isa = XCConfigurationList;
			buildConfigurations = (
				C5685ADE2CF8F2D40075537F /* Debug */,
				C5685ADF2CF8F2D40075537F /* Release */,
			);
			defaultConfigurationIsVisible = 0;
			defaultConfigurationName = Release;
		};
		C5685AE02CF8F2D40075537F /* Build configuration list for PBXNativeTarget "BolistikUITests" */ = {
			isa = XCConfigurationList;
			buildConfigurations = (
				C5685AE12CF8F2D40075537F /* Debug */,
				C5685AE22CF8F2D40075537F /* Release */,
			);
			defaultConfigurationIsVisible = 0;
			defaultConfigurationName = Release;
		};
/* End XCConfigurationList section */

/* Begin XCRemoteSwiftPackageReference section */
		C52CA63E2D419562008679DF /* XCRemoteSwiftPackageReference "firebase-ios-sdk" */ = {
			isa = XCRemoteSwiftPackageReference;
			repositoryURL = "https://github.com/firebase/firebase-ios-sdk";
			requirement = {
				kind = upToNextMajorVersion;
				minimumVersion = 11.7.0;
			};
		};
		C5F3FDBD2D77A05C006F0298 /* XCRemoteSwiftPackageReference "GoogleSignIn-iOS" */ = {
			isa = XCRemoteSwiftPackageReference;
			repositoryURL = "https://github.com/google/GoogleSignIn-iOS";
			requirement = {
				kind = upToNextMajorVersion;
				minimumVersion = 8.0.0;
			};
		};
/* End XCRemoteSwiftPackageReference section */

/* Begin XCSwiftPackageProductDependency section */
		C514D3242D501BB70013F334 /* FirebaseFirestore */ = {
			isa = XCSwiftPackageProductDependency;
			package = C52CA63E2D419562008679DF /* XCRemoteSwiftPackageReference "firebase-ios-sdk" */;
			productName = FirebaseFirestore;
		};
		C52CA63F2D419562008679DF /* FirebaseAnalyticsWithoutAdIdSupport */ = {
			isa = XCSwiftPackageProductDependency;
			package = C52CA63E2D419562008679DF /* XCRemoteSwiftPackageReference "firebase-ios-sdk" */;
			productName = FirebaseAnalyticsWithoutAdIdSupport;
		};
		C52CA6422D41A012008679DF /* FirebaseAuth */ = {
			isa = XCSwiftPackageProductDependency;
			package = C52CA63E2D419562008679DF /* XCRemoteSwiftPackageReference "firebase-ios-sdk" */;
			productName = FirebaseAuth;
		};
		C5F3FDBE2D77A05C006F0298 /* GoogleSignIn */ = {
			isa = XCSwiftPackageProductDependency;
			package = C5F3FDBD2D77A05C006F0298 /* XCRemoteSwiftPackageReference "GoogleSignIn-iOS" */;
			productName = GoogleSignIn;
		};
		C5F3FDC02D77A05C006F0298 /* GoogleSignInSwift */ = {
			isa = XCSwiftPackageProductDependency;
			package = C5F3FDBD2D77A05C006F0298 /* XCRemoteSwiftPackageReference "GoogleSignIn-iOS" */;
			productName = GoogleSignInSwift;
		};
/* End XCSwiftPackageProductDependency section */
	};
	rootObject = C5685AAE2CF8F2D30075537F /* Project object */;
}
